Microsoft Visual Studio Solution File, Format Version 12.00
# Visual Studio Version 17
VisualStudioVersion = 17.5.2.0
MinimumVisualStudioVersion = 10.0.40219.1
Project("{FAE04EC0-301F-11D3-BF4B-00C04F79EFBC}") = "My Math Game 1", "My Math Game 1.csproj", "{14ADCF05-28DD-8C1E-11CB-BB4ACC7CE090}"
EndProject
Global
	GlobalSection(SolutionConfigurationPlatforms) = preSolution
		Debug|Any CPU = Debug|Any CPU
		Release|Any CPU = Release|Any CPU
	EndGlobalSection
	GlobalSection(ProjectConfigurationPlatforms) = postSolution
		{14ADCF05-28DD-8C1E-11CB-BB4ACC7CE090}.Debug|Any CPU.ActiveCfg = Debug|Any CPU
		{14ADCF05-28DD-8C1E-11CB-BB4ACC7CE090}.Debug|Any CPU.Build.0 = Debug|Any CPU
		{14ADCF05-28DD-8C1E-11CB-BB4ACC7CE090}.Release|Any CPU.ActiveCfg = Release|Any CPU
		{14ADCF05-28DD-8C1E-11CB-BB4ACC7CE090}.Release|Any CPU.Build.0 = Release|Any CPU
	EndGlobalSection
	GlobalSection(SolutionProperties) = preSolution
		HideSolutionNode = FALSE
	EndGlobalSection
	GlobalSection(ExtensibilityGlobals) = postSolution
		SolutionGuid = {086F53AC-F9F4-41DA-AA45-EB2F74F1F8D6}
	EndGlobalSection
EndGlobal
