
Microsoft Visual Studio Solution File, Format Version 12.00
# Visual Studio Version 17
VisualStudioVersion = 17.4.33213.308
MinimumVisualStudioVersion = 10.0.40219.1
Project("{FAE04EC0-301F-11D3-BF4B-00C04F79EFBC}") = "My Math Game 1", "My Math Game 1\My Math Game 1.csproj", "{7B89B193-9EEE-44B5-85A0-E9D4AEB6B1EA}"
EndProject
Global
	GlobalSection(SolutionConfigurationPlatforms) = preSolution
		Debug|Any CPU = Debug|Any CPU
		Release|Any CPU = Release|Any CPU
	EndGlobalSection
	GlobalSection(ProjectConfigurationPlatforms) = postSolution
		{7B89B193-9EEE-44B5-85A0-E9D4AEB6B1EA}.Debug|Any CPU.ActiveCfg = Debug|Any CPU
		{7B89B193-9EEE-44B5-85A0-E9D4AEB6B1EA}.Debug|Any CPU.Build.0 = Debug|Any CPU
		{7B89B193-9EEE-44B5-85A0-E9D4AEB6B1EA}.Release|Any CPU.ActiveCfg = Release|Any CPU
		{7B89B193-9EEE-44B5-85A0-E9D4AEB6B1EA}.Release|Any CPU.Build.0 = Release|Any CPU
	EndGlobalSection
	GlobalSection(SolutionProperties) = preSolution
		HideSolutionNode = FALSE
	EndGlobalSection
	GlobalSection(ExtensibilityGlobals) = postSolution
		SolutionGuid = {A1BDAB94-6D84-473C-B21B-25D95D1A26F5}
	EndGlobalSection
EndGlobal
